
Microsoft Visual Studio Solution File, Format Version 12.00
# Visual Studio 2012
Project("{FAE04EC0-301F-11D3-BF4B-00C04F79EFBC}") = "Nomiplus", "NomiPlus\Nomiplus.csproj", "{E49E9C20-2C04-4BBC-9A33-697F7C5A801B}"
EndProject
Global
	GlobalSection(SolutionConfigurationPlatforms) = preSolution
		Debug|Any CPU = Debug|Any CPU
		Release|Any CPU = Release|Any CPU
	EndGlobalSection
	GlobalSection(ProjectConfigurationPlatforms) = postSolution
		{E49E9C20-2C04-4BBC-9A33-697F7C5A801B}.Debug|Any CPU.ActiveCfg = Debug|Any CPU
		{E49E9C20-2C04-4BBC-9A33-697F7C5A801B}.Debug|Any CPU.Build.0 = Debug|Any CPU
		{E49E9C20-2C04-4BBC-9A33-697F7C5A801B}.Release|Any CPU.ActiveCfg = Release|Any CPU
		{E49E9C20-2C04-4BBC-9A33-697F7C5A801B}.Release|Any CPU.Build.0 = Release|Any CPU
	EndGlobalSection
	GlobalSection(SolutionProperties) = preSolution
		HideSolutionNode = FALSE
	EndGlobalSection
EndGlobal
